
Microsoft Visual Studio Solution File, Format Version 12.00
# Visual Studio Version 16
VisualStudioVersion = 16.0.31129.286
MinimumVisualStudioVersion = 10.0.40219.1
Project("{FAE04EC0-301F-11D3-BF4B-00C04F79EFBC}") = "WindowsFormsApp1", "WindowsFormsApp1\WindowsFormsApp1.csproj", "{3188C315-3BF6-464E-B018-4BE484B71C19}"
EndProject
Global
	GlobalSection(SolutionConfigurationPlatforms) = preSolution
		Debug|Any CPU = Debug|Any CPU
		Release|Any CPU = Release|Any CPU
	EndGlobalSection
	GlobalSection(ProjectConfigurationPlatforms) = postSolution
		{3188C315-3BF6-464E-B018-4BE484B71C19}.Debug|Any CPU.ActiveCfg = Debug|Any CPU
		{3188C315-3BF6-464E-B018-4BE484B71C19}.Debug|Any CPU.Build.0 = Debug|Any CPU
		{3188C315-3BF6-464E-B018-4BE484B71C19}.Release|Any CPU.ActiveCfg = Release|Any CPU
		{3188C315-3BF6-464E-B018-4BE484B71C19}.Release|Any CPU.Build.0 = Release|Any CPU
	EndGlobalSection
	GlobalSection(SolutionProperties) = preSolution
		HideSolutionNode = FALSE
	EndGlobalSection
	GlobalSection(ExtensibilityGlobals) = postSolution
		SolutionGuid = {55C1A7CF-FBF3-4D4B-9868-DB8AA4AEF537}
	EndGlobalSection
EndGlobal
